
Microsoft Visual Studio Solution File, Format Version 12.00
# Visual Studio Version 17
VisualStudioVersion = 17.9.34728.123
MinimumVisualStudioVersion = 10.0.40219.1
Project("{FAE04EC0-301F-11D3-BF4B-00C04F79EFBC}") = "studentApp=", "studentApp=\studentApp=.csproj", "{B4D17B99-5174-4B37-AA56-EBE0577F1255}"
EndProject
Global
	GlobalSection(SolutionConfigurationPlatforms) = preSolution
		Debug|Any CPU = Debug|Any CPU
		Release|Any CPU = Release|Any CPU
	EndGlobalSection
	GlobalSection(ProjectConfigurationPlatforms) = postSolution
		{B4D17B99-5174-4B37-AA56-EBE0577F1255}.Debug|Any CPU.ActiveCfg = Debug|Any CPU
		{B4D17B99-5174-4B37-AA56-EBE0577F1255}.Debug|Any CPU.Build.0 = Debug|Any CPU
		{B4D17B99-5174-4B37-AA56-EBE0577F1255}.Release|Any CPU.ActiveCfg = Release|Any CPU
		{B4D17B99-5174-4B37-AA56-EBE0577F1255}.Release|Any CPU.Build.0 = Release|Any CPU
	EndGlobalSection
	GlobalSection(SolutionProperties) = preSolution
		HideSolutionNode = FALSE
	EndGlobalSection
	GlobalSection(ExtensibilityGlobals) = postSolution
		SolutionGuid = {640510C0-764C-4F5B-B62B-77A755B6CCC3}
	EndGlobalSection
EndGlobal
